<?xml version="1.0" encoding="utf-8"?>
<Project ToolsVersion="4.0" xmlns="http://schemas.microsoft.com/developer/msbuild/2003">
  <ItemGroup>
    <Filter Include="Source Files">
      <UniqueIdentifier>{4FC737F1-C7A5-4376-A066-2A32D752A2FF}</UniqueIdentifier>
      <Extensions>cpp;c;cc;cxx;def;odl;idl;hpj;bat;asm;asmx</Extensions>
    </Filter>
    <Filter Include="Header Files">
      <UniqueIdentifier>{93995380-89BD-4b04-88EB-625FBE52EBFB}</UniqueIdentifier>
      <Extensions>h;hh;hpp;hxx;hm;inl;inc;ipp;xsd</Extensions>
    </Filter>
    <Filter Include="Resource Files">
      <UniqueIdentifier>{67DA6AB6-F800-4c08-8B7A-83BB121AAD01}</UniqueIdentifier>
      <Extensions>rc;ico;cur;bmp;dlg;rc2;rct;bin;rgs;gif;jpg;jpeg;jpe;resx;tiff;tif;png;wav;mfcribbon-ms</Extensions>
    </Filter>
  </ItemGroup>
  <ItemGroup>
    <ClCompile Include="App_Main.cpp">
      <Filter>Source Files</Filter>
    </ClCompile>
    <ClCompile Include="frm_Main.cpp">
      <Filter>Source Files</Filter>
    </ClCompile>
    <ClCompile Include="Main.cpp">
      <Filter>Source Files</Filter>
    </ClCompile>
    <ClCompile Include="GlobalObjects.cpp">
      <Filter>Source Files</Filter>
    </ClCompile>
    <ClCompile Include="Camera_managed.cpp">
      <Filter>Source Files</Filter>
    </ClCompile>
    <ClCompile Include="Camera_unmanaged.cpp">
      <Filter>Source Files</Filter>
    </ClCompile>
    <ClCompile Include="opencv_unmanaged.cpp">
      <Filter>Source Files</Filter>
    </ClCompile>
    <ClCompile Include="frm_Camera_Positioning.cpp">
      <Filter>Source Files</Filter>
    </ClCompile>
    <ClCompile Include="CSV_Datei.cpp">
      <Filter>Source Files</Filter>
    </ClCompile>
    <ClCompile Include="frm_Camera_Calibration.cpp">
      <Filter>Source Files</Filter>
    </ClCompile>
    <ClCompile Include="frm_Object_Calibration.cpp">
      <Filter>Source Files</Filter>
    </ClCompile>
    <ClCompile Include="frm_Object_Tracking.cpp">
      <Filter>Source Files</Filter>
    </ClCompile>
    <ClCompile Include="tracking.cpp">
      <Filter>Source Files</Filter>
    </ClCompile>
    <ClCompile Include="posen.cpp">
      <Filter>Source Files</Filter>
    </ClCompile>
    <ClCompile Include="frm_Camera_Calibration_crop.cpp">
      <Filter>Source Files</Filter>
    </ClCompile>
    <ClCompile Include="Kalmanfilter.cpp">
      <Filter>Source Files</Filter>
    </ClCompile>
  </ItemGroup>
  <ItemGroup>
    <ClInclude Include="frm_Main.h">
      <Filter>Header Files</Filter>
    </ClInclude>
    <ClInclude Include="Main.h">
      <Filter>Header Files</Filter>
    </ClInclude>
    <ClInclude Include="GlobalObjects.h">
      <Filter>Header Files</Filter>
    </ClInclude>
    <ClInclude Include="Camera_managed.h">
      <Filter>Header Files</Filter>
    </ClInclude>
    <ClInclude Include="Camera_unmanaged.h">
      <Filter>Header Files</Filter>
    </ClInclude>
    <ClInclude Include="opencv_unmanaged.h">
      <Filter>Header Files</Filter>
    </ClInclude>
    <ClInclude Include="frm_Camera_Positioning.h">
      <Filter>Header Files</Filter>
    </ClInclude>
    <ClInclude Include="CSV_Datei.h">
      <Filter>Header Files</Filter>
    </ClInclude>
    <ClInclude Include="frm_Camera_Calibration.h">
      <Filter>Header Files</Filter>
    </ClInclude>
    <ClInclude Include="frm_Object_Calibration.h">
      <Filter>Header Files</Filter>
    </ClInclude>
    <ClInclude Include="frm_Object_Tracking.h">
      <Filter>Header Files</Filter>
    </ClInclude>
    <ClInclude Include="tracking.h">
      <Filter>Header Files</Filter>
    </ClInclude>
    <ClInclude Include="posen.h">
      <Filter>Header Files</Filter>
    </ClInclude>
    <ClInclude Include="frm_Camera_Calibration_crop.h">
      <Filter>Header Files</Filter>
    </ClInclude>
    <ClInclude Include="Kalmanfilter.h">
      <Filter>Header Files</Filter>
    </ClInclude>
    <ClInclude Include="point.h">
      <Filter>Header Files</Filter>
    </ClInclude>
    <ClInclude Include="kalman_cuda.cuh">
      <Filter>Header Files</Filter>
    </ClInclude>
  </ItemGroup>
  <ItemGroup>
    <EmbeddedResource Include="frm_Main.resx">
      <Filter>Resource Files</Filter>
    </EmbeddedResource>
    <EmbeddedResource Include="frm_Camera_Positioning.resx">
      <Filter>Resource Files</Filter>
    </EmbeddedResource>
    <EmbeddedResource Include="frm_Camera_Calibration.resx">
      <Filter>Resource Files</Filter>
    </EmbeddedResource>
    <EmbeddedResource Include="frm_Object_Calibration.resx">
      <Filter>Resource Files</Filter>
    </EmbeddedResource>
    <EmbeddedResource Include="frm_Object_Tracking.resx">
      <Filter>Resource Files</Filter>
    </EmbeddedResource>
    <EmbeddedResource Include="frm_Camera_Calibration_crop.resx">
      <Filter>Resource Files</Filter>
    </EmbeddedResource>
  </ItemGroup>
  <ItemGroup>
    <CudaCompile Include="CudaKernels.cu">
      <Filter>Source Files</Filter>
    </CudaCompile>
    <CudaCompile Include="CudaKernels.cuh">
      <Filter>Source Files</Filter>
    </CudaCompile>
    <CudaCompile Include="kalman.cu">
      <Filter>Source Files</Filter>
    </CudaCompile>
  </ItemGroup>
</Project>